
Microsoft Visual Studio Solution File, Format Version 12.00
# Visual Studio 15
VisualStudioVersion = 15.0.28307.329
MinimumVisualStudioVersion = 10.0.40219.1
Project("{8BC9CEB8-8B4A-11D0-8D11-00A0C91BC942}") = "Windows_System_Programming_IPC", "Windows_System_Programming_IPC\Windows_System_Programming_IPC.vcxproj", "{A9E5FD17-E421-4432-9971-3071EE3AD890}"
EndProject
Project("{8BC9CEB8-8B4A-11D0-8D11-00A0C91BC942}") = "IPC_Programming", "IPC_Programming\IPC_Programming.vcxproj", "{D30E1454-F4E5-4A5F-8FEA-3F3AC5217395}"
EndProject
Project("{8BC9CEB8-8B4A-11D0-8D11-00A0C91BC942}") = "TestGUIApp", "TestGUIApp\TestGUIApp.vcxproj", "{98982DB2-95C4-4160-B53A-CC730B3C654E}"
EndProject
Project("{8BC9CEB8-8B4A-11D0-8D11-00A0C91BC942}") = "IPC", "IPC\IPC.vcxproj", "{C8FB9636-949F-4BE9-8BEE-50AA67DC771F}"
EndProject
Project("{8BC9CEB8-8B4A-11D0-8D11-00A0C91BC942}") = "AtlServiceTest", "AtlServiceTest\AtlServiceTest.vcxproj", "{B5BFE9B0-FBEF-49F1-AF3B-27310A782F53}"
EndProject
Project("{8BC9CEB8-8B4A-11D0-8D11-00A0C91BC942}") = "AtlServiceTestPS", "AtlServiceTestPS\AtlServiceTestPS.vcxproj", "{ED4FA3A5-10E4-42B5-A6BF-3AB2E2F5D300}"
	ProjectSection(ProjectDependencies) = postProject
		{B5BFE9B0-FBEF-49F1-AF3B-27310A782F53} = {B5BFE9B0-FBEF-49F1-AF3B-27310A782F53}
	EndProjectSection
EndProject
Project("{8BC9CEB8-8B4A-11D0-8D11-00A0C91BC942}") = "ServiceAndKernelObjectSecurity", "ServiceAndKernelObjectSecurity\ServiceAndKernelObjectSecurity.vcxproj", "{A706B653-352B-4137-A926-7C29EE5A3892}"
EndProject
Project("{8BC9CEB8-8B4A-11D0-8D11-00A0C91BC942}") = "AtlSvcAuth", "AtlSvcAuth\AtlSvcAuth.vcxproj", "{79C0AA30-9534-4FC8-BA70-FA9D2B9A0B7B}"
EndProject
Project("{8BC9CEB8-8B4A-11D0-8D11-00A0C91BC942}") = "AtlSvcAuthPS", "AtlSvcAuthPS\AtlSvcAuthPS.vcxproj", "{17EB1D7A-78CC-4D82-AA7B-F9902FF655DE}"
	ProjectSection(ProjectDependencies) = postProject
		{79C0AA30-9534-4FC8-BA70-FA9D2B9A0B7B} = {79C0AA30-9534-4FC8-BA70-FA9D2B9A0B7B}
	EndProjectSection
EndProject
Project("{8BC9CEB8-8B4A-11D0-8D11-00A0C91BC942}") = "AtlSvcRun", "AtlSvcRun\AtlSvcRun.vcxproj", "{4AEB0C85-24A9-4A16-A5ED-28151A02FD48}"
EndProject
Project("{8BC9CEB8-8B4A-11D0-8D11-00A0C91BC942}") = "AtlSvcRunPS", "AtlSvcRunPS\AtlSvcRunPS.vcxproj", "{A13DA12D-3488-424C-9127-162C76694E1D}"
	ProjectSection(ProjectDependencies) = postProject
		{4AEB0C85-24A9-4A16-A5ED-28151A02FD48} = {4AEB0C85-24A9-4A16-A5ED-28151A02FD48}
	EndProjectSection
EndProject
Project("{8BC9CEB8-8B4A-11D0-8D11-00A0C91BC942}") = "AtlSvcShare", "AtlSvcShare\AtlSvcShare.vcxproj", "{B1CA7A1E-BC3D-4F14-BDC1-7AF191ACC3A6}"
EndProject
Project("{8BC9CEB8-8B4A-11D0-8D11-00A0C91BC942}") = "AtlSvcSharePS", "AtlSvcSharePS\AtlSvcSharePS.vcxproj", "{D8CDE565-55E1-48F0-A8BF-B1E0E29E3064}"
	ProjectSection(ProjectDependencies) = postProject
		{B1CA7A1E-BC3D-4F14-BDC1-7AF191ACC3A6} = {B1CA7A1E-BC3D-4F14-BDC1-7AF191ACC3A6}
	EndProjectSection
EndProject
Project("{8BC9CEB8-8B4A-11D0-8D11-00A0C91BC942}") = "AtlSvcApc", "AtlSvcApc\AtlSvcApc.vcxproj", "{D8349F7F-B46C-4215-89EC-C271993078FB}"
EndProject
Project("{8BC9CEB8-8B4A-11D0-8D11-00A0C91BC942}") = "AtlSvcApcPS", "AtlSvcApcPS\AtlSvcApcPS.vcxproj", "{A772094F-7775-482E-877F-C6AA60EB801A}"
	ProjectSection(ProjectDependencies) = postProject
		{D8349F7F-B46C-4215-89EC-C271993078FB} = {D8349F7F-B46C-4215-89EC-C271993078FB}
	EndProjectSection
EndProject
Project("{8BC9CEB8-8B4A-11D0-8D11-00A0C91BC942}") = "MemoryMappingFile", "MemoryMappingFile\MemoryMappingFile.vcxproj", "{FC1CF8F2-2C75-49AB-97C8-2D20DE1FA438}"
EndProject
Project("{8BC9CEB8-8B4A-11D0-8D11-00A0C91BC942}") = "AtlSvcMmf", "AtlSvcMmf\AtlSvcMmf.vcxproj", "{4E605F3C-B607-437C-8105-78A1A051323D}"
EndProject
Project("{8BC9CEB8-8B4A-11D0-8D11-00A0C91BC942}") = "AtlSvcMmfPS", "AtlSvcMmfPS\AtlSvcMmfPS.vcxproj", "{4FE5CB85-1CB3-4146-B575-64DB9106598D}"
	ProjectSection(ProjectDependencies) = postProject
		{4E605F3C-B607-437C-8105-78A1A051323D} = {4E605F3C-B607-437C-8105-78A1A051323D}
	EndProjectSection
EndProject
Project("{8BC9CEB8-8B4A-11D0-8D11-00A0C91BC942}") = "SockMmfSvr", "SockMmfSvr\SockMmfSvr.vcxproj", "{E0E47CAE-2BC8-4532-89F9-28ADCD810100}"
EndProject
Project("{8BC9CEB8-8B4A-11D0-8D11-00A0C91BC942}") = "MmfConsole", "MmfConsole\MmfConsole.vcxproj", "{A3813133-052E-44A3-8786-305F7F83717E}"
EndProject
Project("{8BC9CEB8-8B4A-11D0-8D11-00A0C91BC942}") = "Pipe", "Pipe\Pipe.vcxproj", "{D0CEB3D4-6C91-47EC-B803-445CD2136BE4}"
EndProject
Project("{8BC9CEB8-8B4A-11D0-8D11-00A0C91BC942}") = "PipeClient", "PipeClient\PipeClient.vcxproj", "{3073290E-43A6-40DE-B586-3EE5147E86E1}"
EndProject
Project("{8BC9CEB8-8B4A-11D0-8D11-00A0C91BC942}") = "PipeCliMsg", "PipeCliMsg\PipeCliMsg.vcxproj", "{37055B46-41AA-43CE-9513-E839602D2C97}"
EndProject
Project("{8BC9CEB8-8B4A-11D0-8D11-00A0C91BC942}") = "AtlSvcPipe", "AtlSvcPipe\AtlSvcPipe.vcxproj", "{32F556A4-58BB-4307-91AF-EDFEBBA9D9DD}"
EndProject
Project("{8BC9CEB8-8B4A-11D0-8D11-00A0C91BC942}") = "AtlSvcPipePS", "AtlSvcPipePS\AtlSvcPipePS.vcxproj", "{DA56E11D-B451-4776-B1EE-98D309034380}"
	ProjectSection(ProjectDependencies) = postProject
		{32F556A4-58BB-4307-91AF-EDFEBBA9D9DD} = {32F556A4-58BB-4307-91AF-EDFEBBA9D9DD}
	EndProjectSection
EndProject
Project("{8BC9CEB8-8B4A-11D0-8D11-00A0C91BC942}") = "PipeConsole", "PipeConsole\PipeConsole.vcxproj", "{77686716-0D0B-435F-B82D-B30648CBECD8}"
EndProject
Project("{8BC9CEB8-8B4A-11D0-8D11-00A0C91BC942}") = "SockConsole", "SockConsole\SockConsole.vcxproj", "{DA936535-1055-4491-AEA0-63FB0ECA63AC}"
EndProject
Global
	GlobalSection(SolutionConfigurationPlatforms) = preSolution
		Debug|x64 = Debug|x64
		Debug|x86 = Debug|x86
		Release|x64 = Release|x64
		Release|x86 = Release|x86
	EndGlobalSection
	GlobalSection(ProjectConfigurationPlatforms) = postSolution
		{A9E5FD17-E421-4432-9971-3071EE3AD890}.Debug|x64.ActiveCfg = Debug|x64
		{A9E5FD17-E421-4432-9971-3071EE3AD890}.Debug|x64.Build.0 = Debug|x64
		{A9E5FD17-E421-4432-9971-3071EE3AD890}.Debug|x86.ActiveCfg = Debug|Win32
		{A9E5FD17-E421-4432-9971-3071EE3AD890}.Debug|x86.Build.0 = Debug|Win32
		{A9E5FD17-E421-4432-9971-3071EE3AD890}.Release|x64.ActiveCfg = Release|x64
		{A9E5FD17-E421-4432-9971-3071EE3AD890}.Release|x64.Build.0 = Release|x64
		{A9E5FD17-E421-4432-9971-3071EE3AD890}.Release|x86.ActiveCfg = Release|Win32
		{A9E5FD17-E421-4432-9971-3071EE3AD890}.Release|x86.Build.0 = Release|Win32
		{D30E1454-F4E5-4A5F-8FEA-3F3AC5217395}.Debug|x64.ActiveCfg = Debug|x64
		{D30E1454-F4E5-4A5F-8FEA-3F3AC5217395}.Debug|x64.Build.0 = Debug|x64
		{D30E1454-F4E5-4A5F-8FEA-3F3AC5217395}.Debug|x86.ActiveCfg = Debug|Win32
		{D30E1454-F4E5-4A5F-8FEA-3F3AC5217395}.Debug|x86.Build.0 = Debug|Win32
		{D30E1454-F4E5-4A5F-8FEA-3F3AC5217395}.Release|x64.ActiveCfg = Release|x64
		{D30E1454-F4E5-4A5F-8FEA-3F3AC5217395}.Release|x64.Build.0 = Release|x64
		{D30E1454-F4E5-4A5F-8FEA-3F3AC5217395}.Release|x86.ActiveCfg = Release|Win32
		{D30E1454-F4E5-4A5F-8FEA-3F3AC5217395}.Release|x86.Build.0 = Release|Win32
		{98982DB2-95C4-4160-B53A-CC730B3C654E}.Debug|x64.ActiveCfg = Debug|x64
		{98982DB2-95C4-4160-B53A-CC730B3C654E}.Debug|x64.Build.0 = Debug|x64
		{98982DB2-95C4-4160-B53A-CC730B3C654E}.Debug|x86.ActiveCfg = Debug|Win32
		{98982DB2-95C4-4160-B53A-CC730B3C654E}.Debug|x86.Build.0 = Debug|Win32
		{98982DB2-95C4-4160-B53A-CC730B3C654E}.Release|x64.ActiveCfg = Release|x64
		{98982DB2-95C4-4160-B53A-CC730B3C654E}.Release|x64.Build.0 = Release|x64
		{98982DB2-95C4-4160-B53A-CC730B3C654E}.Release|x86.ActiveCfg = Release|Win32
		{98982DB2-95C4-4160-B53A-CC730B3C654E}.Release|x86.Build.0 = Release|Win32
		{C8FB9636-949F-4BE9-8BEE-50AA67DC771F}.Debug|x64.ActiveCfg = Debug|x64
		{C8FB9636-949F-4BE9-8BEE-50AA67DC771F}.Debug|x64.Build.0 = Debug|x64
		{C8FB9636-949F-4BE9-8BEE-50AA67DC771F}.Debug|x86.ActiveCfg = Debug|Win32
		{C8FB9636-949F-4BE9-8BEE-50AA67DC771F}.Debug|x86.Build.0 = Debug|Win32
		{C8FB9636-949F-4BE9-8BEE-50AA67DC771F}.Release|x64.ActiveCfg = Release|x64
		{C8FB9636-949F-4BE9-8BEE-50AA67DC771F}.Release|x64.Build.0 = Release|x64
		{C8FB9636-949F-4BE9-8BEE-50AA67DC771F}.Release|x86.ActiveCfg = Release|Win32
		{C8FB9636-949F-4BE9-8BEE-50AA67DC771F}.Release|x86.Build.0 = Release|Win32
		{B5BFE9B0-FBEF-49F1-AF3B-27310A782F53}.Debug|x64.ActiveCfg = Debug|x64
		{B5BFE9B0-FBEF-49F1-AF3B-27310A782F53}.Debug|x64.Build.0 = Debug|x64
		{B5BFE9B0-FBEF-49F1-AF3B-27310A782F53}.Debug|x86.ActiveCfg = Debug|Win32
		{B5BFE9B0-FBEF-49F1-AF3B-27310A782F53}.Debug|x86.Build.0 = Debug|Win32
		{B5BFE9B0-FBEF-49F1-AF3B-27310A782F53}.Release|x64.ActiveCfg = Release|x64
		{B5BFE9B0-FBEF-49F1-AF3B-27310A782F53}.Release|x64.Build.0 = Release|x64
		{B5BFE9B0-FBEF-49F1-AF3B-27310A782F53}.Release|x86.ActiveCfg = Release|Win32
		{B5BFE9B0-FBEF-49F1-AF3B-27310A782F53}.Release|x86.Build.0 = Release|Win32
		{ED4FA3A5-10E4-42B5-A6BF-3AB2E2F5D300}.Debug|x64.ActiveCfg = Debug|x64
		{ED4FA3A5-10E4-42B5-A6BF-3AB2E2F5D300}.Debug|x86.ActiveCfg = Debug|Win32
		{ED4FA3A5-10E4-42B5-A6BF-3AB2E2F5D300}.Release|x64.ActiveCfg = Release|x64
		{ED4FA3A5-10E4-42B5-A6BF-3AB2E2F5D300}.Release|x86.ActiveCfg = Release|Win32
		{A706B653-352B-4137-A926-7C29EE5A3892}.Debug|x64.ActiveCfg = Debug|x64
		{A706B653-352B-4137-A926-7C29EE5A3892}.Debug|x64.Build.0 = Debug|x64
		{A706B653-352B-4137-A926-7C29EE5A3892}.Debug|x86.ActiveCfg = Debug|Win32
		{A706B653-352B-4137-A926-7C29EE5A3892}.Debug|x86.Build.0 = Debug|Win32
		{A706B653-352B-4137-A926-7C29EE5A3892}.Release|x64.ActiveCfg = Release|x64
		{A706B653-352B-4137-A926-7C29EE5A3892}.Release|x64.Build.0 = Release|x64
		{A706B653-352B-4137-A926-7C29EE5A3892}.Release|x86.ActiveCfg = Release|Win32
		{A706B653-352B-4137-A926-7C29EE5A3892}.Release|x86.Build.0 = Release|Win32
		{79C0AA30-9534-4FC8-BA70-FA9D2B9A0B7B}.Debug|x64.ActiveCfg = Debug|x64
		{79C0AA30-9534-4FC8-BA70-FA9D2B9A0B7B}.Debug|x64.Build.0 = Debug|x64
		{79C0AA30-9534-4FC8-BA70-FA9D2B9A0B7B}.Debug|x86.ActiveCfg = Debug|Win32
		{79C0AA30-9534-4FC8-BA70-FA9D2B9A0B7B}.Debug|x86.Build.0 = Debug|Win32
		{79C0AA30-9534-4FC8-BA70-FA9D2B9A0B7B}.Release|x64.ActiveCfg = Release|x64
		{79C0AA30-9534-4FC8-BA70-FA9D2B9A0B7B}.Release|x64.Build.0 = Release|x64
		{79C0AA30-9534-4FC8-BA70-FA9D2B9A0B7B}.Release|x86.ActiveCfg = Release|Win32
		{79C0AA30-9534-4FC8-BA70-FA9D2B9A0B7B}.Release|x86.Build.0 = Release|Win32
		{17EB1D7A-78CC-4D82-AA7B-F9902FF655DE}.Debug|x64.ActiveCfg = Debug|x64
		{17EB1D7A-78CC-4D82-AA7B-F9902FF655DE}.Debug|x86.ActiveCfg = Debug|Win32
		{17EB1D7A-78CC-4D82-AA7B-F9902FF655DE}.Release|x64.ActiveCfg = Release|x64
		{17EB1D7A-78CC-4D82-AA7B-F9902FF655DE}.Release|x86.ActiveCfg = Release|Win32
		{4AEB0C85-24A9-4A16-A5ED-28151A02FD48}.Debug|x64.ActiveCfg = Debug|x64
		{4AEB0C85-24A9-4A16-A5ED-28151A02FD48}.Debug|x64.Build.0 = Debug|x64
		{4AEB0C85-24A9-4A16-A5ED-28151A02FD48}.Debug|x86.ActiveCfg = Debug|Win32
		{4AEB0C85-24A9-4A16-A5ED-28151A02FD48}.Debug|x86.Build.0 = Debug|Win32
		{4AEB0C85-24A9-4A16-A5ED-28151A02FD48}.Release|x64.ActiveCfg = Release|x64
		{4AEB0C85-24A9-4A16-A5ED-28151A02FD48}.Release|x64.Build.0 = Release|x64
		{4AEB0C85-24A9-4A16-A5ED-28151A02FD48}.Release|x86.ActiveCfg = Release|Win32
		{4AEB0C85-24A9-4A16-A5ED-28151A02FD48}.Release|x86.Build.0 = Release|Win32
		{A13DA12D-3488-424C-9127-162C76694E1D}.Debug|x64.ActiveCfg = Debug|x64
		{A13DA12D-3488-424C-9127-162C76694E1D}.Debug|x86.ActiveCfg = Debug|Win32
		{A13DA12D-3488-424C-9127-162C76694E1D}.Release|x64.ActiveCfg = Release|x64
		{A13DA12D-3488-424C-9127-162C76694E1D}.Release|x86.ActiveCfg = Release|Win32
		{B1CA7A1E-BC3D-4F14-BDC1-7AF191ACC3A6}.Debug|x64.ActiveCfg = Debug|x64
		{B1CA7A1E-BC3D-4F14-BDC1-7AF191ACC3A6}.Debug|x64.Build.0 = Debug|x64
		{B1CA7A1E-BC3D-4F14-BDC1-7AF191ACC3A6}.Debug|x86.ActiveCfg = Debug|Win32
		{B1CA7A1E-BC3D-4F14-BDC1-7AF191ACC3A6}.Debug|x86.Build.0 = Debug|Win32
		{B1CA7A1E-BC3D-4F14-BDC1-7AF191ACC3A6}.Release|x64.ActiveCfg = Release|x64
		{B1CA7A1E-BC3D-4F14-BDC1-7AF191ACC3A6}.Release|x64.Build.0 = Release|x64
		{B1CA7A1E-BC3D-4F14-BDC1-7AF191ACC3A6}.Release|x86.ActiveCfg = Release|Win32
		{B1CA7A1E-BC3D-4F14-BDC1-7AF191ACC3A6}.Release|x86.Build.0 = Release|Win32
		{D8CDE565-55E1-48F0-A8BF-B1E0E29E3064}.Debug|x64.ActiveCfg = Debug|x64
		{D8CDE565-55E1-48F0-A8BF-B1E0E29E3064}.Debug|x86.ActiveCfg = Debug|Win32
		{D8CDE565-55E1-48F0-A8BF-B1E0E29E3064}.Release|x64.ActiveCfg = Release|x64
		{D8CDE565-55E1-48F0-A8BF-B1E0E29E3064}.Release|x86.ActiveCfg = Release|Win32
		{D8349F7F-B46C-4215-89EC-C271993078FB}.Debug|x64.ActiveCfg = Debug|x64
		{D8349F7F-B46C-4215-89EC-C271993078FB}.Debug|x64.Build.0 = Debug|x64
		{D8349F7F-B46C-4215-89EC-C271993078FB}.Debug|x86.ActiveCfg = Debug|Win32
		{D8349F7F-B46C-4215-89EC-C271993078FB}.Debug|x86.Build.0 = Debug|Win32
		{D8349F7F-B46C-4215-89EC-C271993078FB}.Release|x64.ActiveCfg = Release|x64
		{D8349F7F-B46C-4215-89EC-C271993078FB}.Release|x64.Build.0 = Release|x64
		{D8349F7F-B46C-4215-89EC-C271993078FB}.Release|x86.ActiveCfg = Release|Win32
		{D8349F7F-B46C-4215-89EC-C271993078FB}.Release|x86.Build.0 = Release|Win32
		{A772094F-7775-482E-877F-C6AA60EB801A}.Debug|x64.ActiveCfg = Debug|x64
		{A772094F-7775-482E-877F-C6AA60EB801A}.Debug|x86.ActiveCfg = Debug|Win32
		{A772094F-7775-482E-877F-C6AA60EB801A}.Release|x64.ActiveCfg = Release|x64
		{A772094F-7775-482E-877F-C6AA60EB801A}.Release|x86.ActiveCfg = Release|Win32
		{FC1CF8F2-2C75-49AB-97C8-2D20DE1FA438}.Debug|x64.ActiveCfg = Debug|x64
		{FC1CF8F2-2C75-49AB-97C8-2D20DE1FA438}.Debug|x64.Build.0 = Debug|x64
		{FC1CF8F2-2C75-49AB-97C8-2D20DE1FA438}.Debug|x86.ActiveCfg = Debug|Win32
		{FC1CF8F2-2C75-49AB-97C8-2D20DE1FA438}.Debug|x86.Build.0 = Debug|Win32
		{FC1CF8F2-2C75-49AB-97C8-2D20DE1FA438}.Release|x64.ActiveCfg = Release|x64
		{FC1CF8F2-2C75-49AB-97C8-2D20DE1FA438}.Release|x64.Build.0 = Release|x64
		{FC1CF8F2-2C75-49AB-97C8-2D20DE1FA438}.Release|x86.ActiveCfg = Release|Win32
		{FC1CF8F2-2C75-49AB-97C8-2D20DE1FA438}.Release|x86.Build.0 = Release|Win32
		{4E605F3C-B607-437C-8105-78A1A051323D}.Debug|x64.ActiveCfg = Debug|x64
		{4E605F3C-B607-437C-8105-78A1A051323D}.Debug|x64.Build.0 = Debug|x64
		{4E605F3C-B607-437C-8105-78A1A051323D}.Debug|x86.ActiveCfg = Debug|Win32
		{4E605F3C-B607-437C-8105-78A1A051323D}.Debug|x86.Build.0 = Debug|Win32
		{4E605F3C-B607-437C-8105-78A1A051323D}.Release|x64.ActiveCfg = Release|x64
		{4E605F3C-B607-437C-8105-78A1A051323D}.Release|x64.Build.0 = Release|x64
		{4E605F3C-B607-437C-8105-78A1A051323D}.Release|x86.ActiveCfg = Release|Win32
		{4E605F3C-B607-437C-8105-78A1A051323D}.Release|x86.Build.0 = Release|Win32
		{4FE5CB85-1CB3-4146-B575-64DB9106598D}.Debug|x64.ActiveCfg = Debug|x64
		{4FE5CB85-1CB3-4146-B575-64DB9106598D}.Debug|x86.ActiveCfg = Debug|Win32
		{4FE5CB85-1CB3-4146-B575-64DB9106598D}.Release|x64.ActiveCfg = Release|x64
		{4FE5CB85-1CB3-4146-B575-64DB9106598D}.Release|x86.ActiveCfg = Release|Win32
		{E0E47CAE-2BC8-4532-89F9-28ADCD810100}.Debug|x64.ActiveCfg = Debug|x64
		{E0E47CAE-2BC8-4532-89F9-28ADCD810100}.Debug|x64.Build.0 = Debug|x64
		{E0E47CAE-2BC8-4532-89F9-28ADCD810100}.Debug|x86.ActiveCfg = Debug|Win32
		{E0E47CAE-2BC8-4532-89F9-28ADCD810100}.Debug|x86.Build.0 = Debug|Win32
		{E0E47CAE-2BC8-4532-89F9-28ADCD810100}.Release|x64.ActiveCfg = Release|x64
		{E0E47CAE-2BC8-4532-89F9-28ADCD810100}.Release|x64.Build.0 = Release|x64
		{E0E47CAE-2BC8-4532-89F9-28ADCD810100}.Release|x86.ActiveCfg = Release|Win32
		{E0E47CAE-2BC8-4532-89F9-28ADCD810100}.Release|x86.Build.0 = Release|Win32
		{A3813133-052E-44A3-8786-305F7F83717E}.Debug|x64.ActiveCfg = Debug|x64
		{A3813133-052E-44A3-8786-305F7F83717E}.Debug|x64.Build.0 = Debug|x64
		{A3813133-052E-44A3-8786-305F7F83717E}.Debug|x86.ActiveCfg = Debug|Win32
		{A3813133-052E-44A3-8786-305F7F83717E}.Debug|x86.Build.0 = Debug|Win32
		{A3813133-052E-44A3-8786-305F7F83717E}.Release|x64.ActiveCfg = Release|x64
		{A3813133-052E-44A3-8786-305F7F83717E}.Release|x64.Build.0 = Release|x64
		{A3813133-052E-44A3-8786-305F7F83717E}.Release|x86.ActiveCfg = Release|Win32
		{A3813133-052E-44A3-8786-305F7F83717E}.Release|x86.Build.0 = Release|Win32
		{D0CEB3D4-6C91-47EC-B803-445CD2136BE4}.Debug|x64.ActiveCfg = Debug|x64
		{D0CEB3D4-6C91-47EC-B803-445CD2136BE4}.Debug|x64.Build.0 = Debug|x64
		{D0CEB3D4-6C91-47EC-B803-445CD2136BE4}.Debug|x86.ActiveCfg = Debug|Win32
		{D0CEB3D4-6C91-47EC-B803-445CD2136BE4}.Debug|x86.Build.0 = Debug|Win32
		{D0CEB3D4-6C91-47EC-B803-445CD2136BE4}.Release|x64.ActiveCfg = Release|x64
		{D0CEB3D4-6C91-47EC-B803-445CD2136BE4}.Release|x64.Build.0 = Release|x64
		{D0CEB3D4-6C91-47EC-B803-445CD2136BE4}.Release|x86.ActiveCfg = Release|Win32
		{D0CEB3D4-6C91-47EC-B803-445CD2136BE4}.Release|x86.Build.0 = Release|Win32
		{3073290E-43A6-40DE-B586-3EE5147E86E1}.Debug|x64.ActiveCfg = Debug|x64
		{3073290E-43A6-40DE-B586-3EE5147E86E1}.Debug|x64.Build.0 = Debug|x64
		{3073290E-43A6-40DE-B586-3EE5147E86E1}.Debug|x86.ActiveCfg = Debug|Win32
		{3073290E-43A6-40DE-B586-3EE5147E86E1}.Debug|x86.Build.0 = Debug|Win32
		{3073290E-43A6-40DE-B586-3EE5147E86E1}.Release|x64.ActiveCfg = Release|x64
		{3073290E-43A6-40DE-B586-3EE5147E86E1}.Release|x64.Build.0 = Release|x64
		{3073290E-43A6-40DE-B586-3EE5147E86E1}.Release|x86.ActiveCfg = Release|Win32
		{3073290E-43A6-40DE-B586-3EE5147E86E1}.Release|x86.Build.0 = Release|Win32
		{37055B46-41AA-43CE-9513-E839602D2C97}.Debug|x64.ActiveCfg = Debug|x64
		{37055B46-41AA-43CE-9513-E839602D2C97}.Debug|x64.Build.0 = Debug|x64
		{37055B46-41AA-43CE-9513-E839602D2C97}.Debug|x86.ActiveCfg = Debug|Win32
		{37055B46-41AA-43CE-9513-E839602D2C97}.Debug|x86.Build.0 = Debug|Win32
		{37055B46-41AA-43CE-9513-E839602D2C97}.Release|x64.ActiveCfg = Release|x64
		{37055B46-41AA-43CE-9513-E839602D2C97}.Release|x64.Build.0 = Release|x64
		{37055B46-41AA-43CE-9513-E839602D2C97}.Release|x86.ActiveCfg = Release|Win32
		{37055B46-41AA-43CE-9513-E839602D2C97}.Release|x86.Build.0 = Release|Win32
		{32F556A4-58BB-4307-91AF-EDFEBBA9D9DD}.Debug|x64.ActiveCfg = Debug|x64
		{32F556A4-58BB-4307-91AF-EDFEBBA9D9DD}.Debug|x64.Build.0 = Debug|x64
		{32F556A4-58BB-4307-91AF-EDFEBBA9D9DD}.Debug|x86.ActiveCfg = Debug|Win32
		{32F556A4-58BB-4307-91AF-EDFEBBA9D9DD}.Debug|x86.Build.0 = Debug|Win32
		{32F556A4-58BB-4307-91AF-EDFEBBA9D9DD}.Release|x64.ActiveCfg = Release|x64
		{32F556A4-58BB-4307-91AF-EDFEBBA9D9DD}.Release|x64.Build.0 = Release|x64
		{32F556A4-58BB-4307-91AF-EDFEBBA9D9DD}.Release|x86.ActiveCfg = Release|Win32
		{32F556A4-58BB-4307-91AF-EDFEBBA9D9DD}.Release|x86.Build.0 = Release|Win32
		{DA56E11D-B451-4776-B1EE-98D309034380}.Debug|x64.ActiveCfg = Debug|x64
		{DA56E11D-B451-4776-B1EE-98D309034380}.Debug|x86.ActiveCfg = Debug|Win32
		{DA56E11D-B451-4776-B1EE-98D309034380}.Release|x64.ActiveCfg = Release|x64
		{DA56E11D-B451-4776-B1EE-98D309034380}.Release|x86.ActiveCfg = Release|Win32
		{77686716-0D0B-435F-B82D-B30648CBECD8}.Debug|x64.ActiveCfg = Debug|x64
		{77686716-0D0B-435F-B82D-B30648CBECD8}.Debug|x64.Build.0 = Debug|x64
		{77686716-0D0B-435F-B82D-B30648CBECD8}.Debug|x86.ActiveCfg = Debug|Win32
		{77686716-0D0B-435F-B82D-B30648CBECD8}.Debug|x86.Build.0 = Debug|Win32
		{77686716-0D0B-435F-B82D-B30648CBECD8}.Release|x64.ActiveCfg = Release|x64
		{77686716-0D0B-435F-B82D-B30648CBECD8}.Release|x64.Build.0 = Release|x64
		{77686716-0D0B-435F-B82D-B30648CBECD8}.Release|x86.ActiveCfg = Release|Win32
		{77686716-0D0B-435F-B82D-B30648CBECD8}.Release|x86.Build.0 = Release|Win32
		{DA936535-1055-4491-AEA0-63FB0ECA63AC}.Debug|x64.ActiveCfg = Debug|x64
		{DA936535-1055-4491-AEA0-63FB0ECA63AC}.Debug|x64.Build.0 = Debug|x64
		{DA936535-1055-4491-AEA0-63FB0ECA63AC}.Debug|x86.ActiveCfg = Debug|Win32
		{DA936535-1055-4491-AEA0-63FB0ECA63AC}.Debug|x86.Build.0 = Debug|Win32
		{DA936535-1055-4491-AEA0-63FB0ECA63AC}.Release|x64.ActiveCfg = Release|x64
		{DA936535-1055-4491-AEA0-63FB0ECA63AC}.Release|x64.Build.0 = Release|x64
		{DA936535-1055-4491-AEA0-63FB0ECA63AC}.Release|x86.ActiveCfg = Release|Win32
		{DA936535-1055-4491-AEA0-63FB0ECA63AC}.Release|x86.Build.0 = Release|Win32
	EndGlobalSection
	GlobalSection(SolutionProperties) = preSolution
		HideSolutionNode = FALSE
	EndGlobalSection
	GlobalSection(ExtensibilityGlobals) = postSolution
		SolutionGuid = {CFB520F1-85B2-4739-9C23-9ABB4E38BE4F}
	EndGlobalSection
EndGlobal
